
Microsoft Visual Studio Solution File, Format Version 12.00
# Visual Studio Version 17
VisualStudioVersion = 17.12.35506.116 d17.12
MinimumVisualStudioVersion = 10.0.40219.1
Project("{FAE04EC0-301F-11D3-BF4B-00C04F79EFBC}") = "Main", "Main.csproj", "{84775FE0-78FD-47A0-A0C5-FC93A890BCCE}"
EndProject
Global
	GlobalSection(SolutionConfigurationPlatforms) = preSolution
		Debug|Any CPU = Debug|Any CPU
		Release|Any CPU = Release|Any CPU
	EndGlobalSection
	GlobalSection(ProjectConfigurationPlatforms) = postSolution
		{84775FE0-78FD-47A0-A0C5-FC93A890BCCE}.Debug|Any CPU.ActiveCfg = Debug|Any CPU
		{84775FE0-78FD-47A0-A0C5-FC93A890BCCE}.Debug|Any CPU.Build.0 = Debug|Any CPU
		{84775FE0-78FD-47A0-A0C5-FC93A890BCCE}.Release|Any CPU.ActiveCfg = Release|Any CPU
		{84775FE0-78FD-47A0-A0C5-FC93A890BCCE}.Release|Any CPU.Build.0 = Release|Any CPU
	EndGlobalSection
	GlobalSection(SolutionProperties) = preSolution
		HideSolutionNode = FALSE
	EndGlobalSection
EndGlobal
